// !$*UTF8*$!
{
	archiveVersion = 1;
	classes = {
	};
	objectVersion = 50;
	objects = {

/* Begin PBXBuildFile section */
		013716DA2504AB8F00B34CDD /* StatsViewController.swift in Sources */ = {isa = PBXBuildFile; fileRef = 013716D92504AB8F00B34CDD /* StatsViewController.swift */; };
		019BAC8125042DB500A8DDB0 /* AppDelegate.swift in Sources */ = {isa = PBXBuildFile; fileRef = 019BAC8025042DB500A8DDB0 /* AppDelegate.swift */; };
		019BAC8325042DB500A8DDB0 /* SceneDelegate.swift in Sources */ = {isa = PBXBuildFile; fileRef = 019BAC8225042DB500A8DDB0 /* SceneDelegate.swift */; };
		019BAC8525042DB500A8DDB0 /* ViewController.swift in Sources */ = {isa = PBXBuildFile; fileRef = 019BAC8425042DB500A8DDB0 /* ViewController.swift */; };
		019BAC8825042DB500A8DDB0 /* Main.storyboard in Resources */ = {isa = PBXBuildFile; fileRef = 019BAC8625042DB500A8DDB0 /* Main.storyboard */; };
		019BAC8A25042DB600A8DDB0 /* Assets.xcassets in Resources */ = {isa = PBXBuildFile; fileRef = 019BAC8925042DB600A8DDB0 /* Assets.xcassets */; };
		019BAC8D25042DB600A8DDB0 /* LaunchScreen.storyboard in Resources */ = {isa = PBXBuildFile; fileRef = 019BAC8B25042DB600A8DDB0 /* LaunchScreen.storyboard */; };
/* End PBXBuildFile section */

/* Begin PBXFileReference section */
		013716D92504AB8F00B34CDD /* StatsViewController.swift */ = {isa = PBXFileReference; lastKnownFileType = sourcecode.swift; path = StatsViewController.swift; sourceTree = "<group>"; };
		019BAC7D25042DB500A8DDB0 /* DLR.app */ = {isa = PBXFileReference; explicitFileType = wrapper.application; includeInIndex = 0; path = DLR.app; sourceTree = BUILT_PRODUCTS_DIR; };
		019BAC8025042DB500A8DDB0 /* AppDelegate.swift */ = {isa = PBXFileReference; lastKnownFileType = sourcecode.swift; path = AppDelegate.swift; sourceTree = "<group>"; };
		019BAC8225042DB500A8DDB0 /* SceneDelegate.swift */ = {isa = PBXFileReference; lastKnownFileType = sourcecode.swift; path = SceneDelegate.swift; sourceTree = "<group>"; };
		019BAC8425042DB500A8DDB0 /* ViewController.swift */ = {isa = PBXFileReference; lastKnownFileType = sourcecode.swift; path = ViewController.swift; sourceTree = "<group>"; };
		019BAC8725042DB500A8DDB0 /* Base */ = {isa = PBXFileReference; lastKnownFileType = file.storyboard; name = Base; path = Base.lproj/Main.storyboard; sourceTree = "<group>"; };
		019BAC8925042DB600A8DDB0 /* Assets.xcassets */ = {isa = PBXFileReference; lastKnownFileType = folder.assetcatalog; path = Assets.xcassets; sourceTree = "<group>"; };
		019BAC8C25042DB600A8DDB0 /* Base */ = {isa = PBXFileReference; lastKnownFileType = file.storyboard; name = Base; path = Base.lproj/LaunchScreen.storyboard; sourceTree = "<group>"; };
		019BAC8E25042DB600A8DDB0 /* Info.plist */ = {isa = PBXFileReference; lastKnownFileType = text.plist.xml; path = Info.plist; sourceTree = "<group>"; };
/* End PBXFileReference section */

/* Begin PBXFrameworksBuildPhase section */
		019BAC7A25042DB500A8DDB0 /* Frameworks */ = {
			isa = PBXFrameworksBuildPhase;
			buildActionMask = 2147483647;
			files = (
			);
			runOnlyForDeploymentPostprocessing = 0;
		};
/* End PBXFrameworksBuildPhase section */

/* Begin PBXGroup section */
		019BAC7425042DB500A8DDB0 = {
			isa = PBXGroup;
			children = (
				019BAC7F25042DB500A8DDB0 /* DLR */,
				019BAC7E25042DB500A8DDB0 /* Products */,
			);
			sourceTree = "<group>";
		};
		019BAC7E25042DB500A8DDB0 /* Products */ = {
			isa = PBXGroup;
			children = (
				019BAC7D25042DB500A8DDB0 /* DLR.app */,
			);
			name = Products;
			sourceTree = "<group>";
		};
		019BAC7F25042DB500A8DDB0 /* DLR */ = {
			isa = PBXGroup;
			children = (
				019BAC8025042DB500A8DDB0 /* AppDelegate.swift */,
				019BAC8225042DB500A8DDB0 /* SceneDelegate.swift */,
				019BAC8425042DB500A8DDB0 /* ViewController.swift */,
				019BAC8625042DB500A8DDB0 /* Main.storyboard */,
				013716D92504AB8F00B34CDD /* StatsViewController.swift */,
				019BAC8925042DB600A8DDB0 /* Assets.xcassets */,
				019BAC8B25042DB600A8DDB0 /* LaunchScreen.storyboard */,
				019BAC8E25042DB600A8DDB0 /* Info.plist */,
			);
			path = DLR;
			sourceTree = "<group>";
		};
/* End PBXGroup section */

/* Begin PBXNativeTarget section */
		019BAC7C25042DB500A8DDB0 /* DLR */ = {
			isa = PBXNativeTarget;
			buildConfigurationList = 019BAC9125042DB600A8DDB0 /* Build configuration list for PBXNativeTarget "DLR" */;
			buildPhases = (
				019BAC7925042DB500A8DDB0 /* Sources */,
				019BAC7A25042DB500A8DDB0 /* Frameworks */,
				019BAC7B25042DB500A8DDB0 /* Resources */,
			);
			buildRules = (
			);
			dependencies = (
			);
			name = DLR;
			productName = DLR;
			productReference = 019BAC7D25042DB500A8DDB0 /* DLR.app */;
			productType = "com.apple.product-type.application";
		};
/* End PBXNativeTarget section */

/* Begin PBXProject section */
		019BAC7525042DB500A8DDB0 /* Project object */ = {
			isa = PBXProject;
			attributes = {
				LastSwiftUpdateCheck = 1170;
				LastUpgradeCheck = 1170;
				ORGANIZATIONNAME = "Robert Elizondo";
				TargetAttributes = {
					019BAC7C25042DB500A8DDB0 = {
						CreatedOnToolsVersion = 11.7;
					};
				};
			};
			buildConfigurationList = 019BAC7825042DB500A8DDB0 /* Build configuration list for PBXProject "DLR" */;
			compatibilityVersion = "Xcode 9.3";
			developmentRegion = en;
			hasScannedForEncodings = 0;
			knownRegions = (
				en,
				Base,
			);
			mainGroup = 019BAC7425042DB500A8DDB0;
			productRefGroup = 019BAC7E25042DB500A8DDB0 /* Products */;
			projectDirPath = "";
			projectRoot = "";
			targets = (
				019BAC7C25042DB500A8DDB0 /* DLR */,
			);
		};
/* End PBXProject section */

/* Begin PBXResourcesBuildPhase section */
		019BAC7B25042DB500A8DDB0 /* Resources */ = {
			isa = PBXResourcesBuildPhase;
			buildActionMask = 2147483647;
			files = (
				019BAC8D25042DB600A8DDB0 /* LaunchScreen.storyboard in Resources */,
				019BAC8A25042DB600A8DDB0 /* Assets.xcassets in Resources */,
				019BAC8825042DB500A8DDB0 /* Main.storyboard in Resources */,
			);
			runOnlyForDeploymentPostprocessing = 0;
		};
/* End PBXResourcesBuildPhase section */

/* Begin PBXSourcesBuildPhase section */
		019BAC7925042DB500A8DDB0 /* Sources */ = {
			isa = PBXSourcesBuildPhase;
			buildActionMask = 2147483647;
			files = (
				019BAC8525042DB500A8DDB0 /* ViewController.swift in Sources */,
				019BAC8125042DB500A8DDB0 /* AppDelegate.swift in Sources */,
				013716DA2504AB8F00B34CDD /* StatsViewController.swift in Sources */,
				019BAC8325042DB500A8DDB0 /* SceneDelegate.swift in Sources */,
			);
			runOnlyForDeploymentPostprocessing = 0;
		};
/* End PBXSourcesBuildPhase section */

/* Begin PBXVariantGroup section */
		019BAC8625042DB500A8DDB0 /* Main.storyboard */ = {
			isa = PBXVariantGroup;
			children = (
				019BAC8725042DB500A8DDB0 /* Base */,
			);
			name = Main.storyboard;
			sourceTree = "<group>";
		};
		019BAC8B25042DB600A8DDB0 /* LaunchScreen.storyboard */ = {
			isa = PBXVariantGroup;
			children = (
				019BAC8C25042DB600A8DDB0 /* Base */,
			);
			name = LaunchScreen.storyboard;
			sourceTree = "<group>";
		};
/* End PBXVariantGroup section */

/* Begin XCBuildConfiguration section */
		019BAC8F25042DB600A8DDB0 /* Debug */ = {
			isa = XCBuildConfiguration;
			buildSettings = {
				ALWAYS_SEARCH_USER_PATHS = NO;
				CLANG_ANALYZER_NONNULL = YES;
				CLANG_ANALYZER_NUMBER_OBJECT_CONVERSION = YES_AGGRESSIVE;
				CLANG_CXX_LANGUAGE_STANDARD = "gnu++14";
				CLANG_CXX_LIBRARY = "libc++";
				CLANG_ENABLE_MODULES = YES;
				CLANG_ENABLE_OBJC_ARC = YES;
				CLANG_ENABLE_OBJC_WEAK = YES;
				CLANG_WARN_BLOCK_CAPTURE_AUTORELEASING = YES;
				CLANG_WARN_BOOL_CONVERSION = YES;
				CLANG_WARN_COMMA = YES;
				CLANG_WARN_CONSTANT_CONVERSION = YES;
				CLANG_WARN_DEPRECATED_OBJC_IMPLEMENTATIONS = YES;
				CLANG_WARN_DIRECT_OBJC_ISA_USAGE = YES_ERROR;
				CLANG_WARN_DOCUMENTATION_COMMENTS = YES;
				CLANG_WARN_EMPTY_BODY = YES;
				CLANG_WARN_ENUM_CONVERSION = YES;
				CLANG_WARN_INFINITE_RECURSION = YES;
				CLANG_WARN_INT_CONVERSION = YES;
				CLANG_WARN_NON_LITERAL_NULL_CONVERSION = YES;
				CLANG_WARN_OBJC_IMPLICIT_RETAIN_SELF = YES;
				CLANG_WARN_OBJC_LITERAL_CONVERSION = YES;
				CLANG_WARN_OBJC_ROOT_CLASS = YES_ERROR;
				CLANG_WARN_RANGE_LOOP_ANALYSIS = YES;
				CLANG_WARN_STRICT_PROTOTYPES = YES;
				CLANG_WARN_SUSPICIOUS_MOVE = YES;
				CLANG_WARN_UNGUARDED_AVAILABILITY = YES_AGGRESSIVE;
				CLANG_WARN_UNREACHABLE_CODE = YES;
				CLANG_WARN__DUPLICATE_METHOD_MATCH = YES;
				COPY_PHASE_STRIP = NO;
				DEBUG_INFORMATION_FORMAT = dwarf;
				ENABLE_STRICT_OBJC_MSGSEND = YES;
				ENABLE_TESTABILITY = YES;
				GCC_C_LANGUAGE_STANDARD = gnu11;
				GCC_DYNAMIC_NO_PIC = NO;
				GCC_NO_COMMON_BLOCKS = YES;
				GCC_OPTIMIZATION_LEVEL = 0;
				GCC_PREPROCESSOR_DEFINITIONS = (
					"DEBUG=1",
					"$(inherited)",
				);
				GCC_WARN_64_TO_32_BIT_CONVERSION = YES;
				GCC_WARN_ABOUT_RETURN_TYPE = YES_ERROR;
				GCC_WARN_UNDECLARED_SELECTOR = YES;
				GCC_WARN_UNINITIALIZED_AUTOS = YES_AGGRESSIVE;
				GCC_WARN_UNUSED_FUNCTION = YES;
				GCC_WARN_UNUSED_VARIABLE = YES;
				IPHONEOS_DEPLOYMENT_TARGET = 13.7;
				MTL_ENABLE_DEBUG_INFO = INCLUDE_SOURCE;
				MTL_FAST_MATH = YES;
				ONLY_ACTIVE_ARCH = YES;
				SDKROOT = iphoneos;
				SWIFT_ACTIVE_COMPILATION_CONDITIONS = DEBUG;
				SWIFT_OPTIMIZATION_LEVEL = "-Onone";
			};
			name = Debug;
		};
		019BAC9025042DB600A8DDB0 /* Release */ = {
			isa = XCBuildConfiguration;
			buildSettings = {
				ALWAYS_SEARCH_USER_PATHS = NO;
				CLANG_ANALYZER_NONNULL = YES;
				CLANG_ANALYZER_NUMBER_OBJECT_CONVERSION = YES_AGGRESSIVE;
				CLANG_CXX_LANGUAGE_STANDARD = "gnu++14";
				CLANG_CXX_LIBRARY = "libc++";
				CLANG_ENABLE_MODULES = YES;
				CLANG_ENABLE_OBJC_ARC = YES;
				CLANG_ENABLE_OBJC_WEAK = YES;
				CLANG_WARN_BLOCK_CAPTURE_AUTORELEASING = YES;
				CLANG_WARN_BOOL_CONVERSION = YES;
				CLANG_WARN_COMMA = YES;
				CLANG_WARN_CONSTANT_CONVERSION = YES;
				CLANG_WARN_DEPRECATED_OBJC_IMPLEMENTATIONS = YES;
				CLANG_WARN_DIRECT_OBJC_ISA_USAGE = YES_ERROR;
				CLANG_WARN_DOCUMENTATION_COMMENTS = YES;
				CLANG_WARN_EMPTY_BODY = YES;
				CLANG_WARN_ENUM_CONVERSION = YES;
				CLANG_WARN_INFINITE_RECURSION = YES;
				CLANG_WARN_INT_CONVERSION = YES;
				CLANG_WARN_NON_LITERAL_NULL_CONVERSION = YES;
				CLANG_WARN_OBJC_IMPLICIT_RETAIN_SELF = YES;
				CLANG_WARN_OBJC_LITERAL_CONVERSION = YES;
				CLANG_WARN_OBJC_ROOT_CLASS = YES_ERROR;
				CLANG_WARN_RANGE_LOOP_ANALYSIS = YES;
				CLANG_WARN_STRICT_PROTOTYPES = YES;
				CLANG_WARN_SUSPICIOUS_MOVE = YES;
				CLANG_WARN_UNGUARDED_AVAILABILITY = YES_AGGRESSIVE;
				CLANG_WARN_UNREACHABLE_CODE = YES;
				CLANG_WARN__DUPLICATE_METHOD_MATCH = YES;
				COPY_PHASE_STRIP = NO;
				DEBUG_INFORMATION_FORMAT = "dwarf-with-dsym";
				ENABLE_NS_ASSERTIONS = NO;
				ENABLE_STRICT_OBJC_MSGSEND = YES;
				GCC_C_LANGUAGE_STANDARD = gnu11;
				GCC_NO_COMMON_BLOCKS = YES;
				GCC_WARN_64_TO_32_BIT_CONVERSION = YES;
				GCC_WARN_ABOUT_RETURN_TYPE = YES_ERROR;
				GCC_WARN_UNDECLARED_SELECTOR = YES;
				GCC_WARN_UNINITIALIZED_AUTOS = YES_AGGRESSIVE;
				GCC_WARN_UNUSED_FUNCTION = YES;
				GCC_WARN_UNUSED_VARIABLE = YES;
				IPHONEOS_DEPLOYMENT_TARGET = 13.7;
				MTL_ENABLE_DEBUG_INFO = NO;
				MTL_FAST_MATH = YES;
				SDKROOT = iphoneos;
				SWIFT_COMPILATION_MODE = wholemodule;
				SWIFT_OPTIMIZATION_LEVEL = "-O";
				VALIDATE_PRODUCT = YES;
			};
			name = Release;
		};
		019BAC9225042DB600A8DDB0 /* Debug */ = {
			isa = XCBuildConfiguration;
			buildSettings = {
				ASSETCATALOG_COMPILER_APPICON_NAME = AppIcon;
				CODE_SIGN_STYLE = Automatic;
				DEVELOPMENT_TEAM = 8TXSH8R2JU;
				INFOPLIST_FILE = DLR/Info.plist;
				LD_RUNPATH_SEARCH_PATHS = (
					"$(inherited)",
					"@executable_path/Frameworks",
				);
				PRODUCT_BUNDLE_IDENTIFIER = com.robertelizondo.DLR;
				PRODUCT_NAME = "$(TARGET_NAME)";
				SWIFT_VERSION = 5.0;
				TARGETED_DEVICE_FAMILY = "1,2";
			};
			name = Debug;
		};
		019BAC9325042DB600A8DDB0 /* Release */ = {
			isa = XCBuildConfiguration;
			buildSettings = {
				ASSETCATALOG_COMPILER_APPICON_NAME = AppIcon;
				CODE_SIGN_STYLE = Automatic;
				DEVELOPMENT_TEAM = 8TXSH8R2JU;
				INFOPLIST_FILE = DLR/Info.plist;
				LD_RUNPATH_SEARCH_PATHS = (
					"$(inherited)",
					"@executable_path/Frameworks",
				);
				PRODUCT_BUNDLE_IDENTIFIER = com.robertelizondo.DLR;
				PRODUCT_NAME = "$(TARGET_NAME)";
				SWIFT_VERSION = 5.0;
				TARGETED_DEVICE_FAMILY = "1,2";
			};
			name = Release;
		};
/* End XCBuildConfiguration section */

/* Begin XCConfigurationList section */
		019BAC7825042DB500A8DDB0 /* Build configuration list for PBXProject "DLR" */ = {
			isa = XCConfigurationList;
			buildConfigurations = (
				019BAC8F25042DB600A8DDB0 /* Debug */,
				019BAC9025042DB600A8DDB0 /* Release */,
			);
			defaultConfigurationIsVisible = 0;
			defaultConfigurationName = Release;
		};
		019BAC9125042DB600A8DDB0 /* Build configuration list for PBXNativeTarget "DLR" */ = {
			isa = XCConfigurationList;
			buildConfigurations = (
				019BAC9225042DB600A8DDB0 /* Debug */,
				019BAC9325042DB600A8DDB0 /* Release */,
			);
			defaultConfigurationIsVisible = 0;
			defaultConfigurationName = Release;
		};
/* End XCConfigurationList section */
	};
	rootObject = 019BAC7525042DB500A8DDB0 /* Project object */;
}
